{
    "_meta": {
        "hash": {
            "sha256": "78fe5a8fb753e084d062c15a16188d4e9d02c6d883c30094cdb25ab3ab1f4fca"
        },
        "pipfile-spec": 6,
        "requires": {
            "python_version": "3"
        },
        "sources": [
            {
                "name": "pypi",
                "url": "https://pypi.org/simple",
                "verify_ssl": true
            }
        ]
    },
    "default": {},
    "develop": {
        "backports.tarfile": {
            "hashes": [
                "sha256:77e284d754527b01fb1e6fa8a1afe577858ebe4e9dad8919e34c862cb399bc34",
                "sha256:d75e02c268746e1b8144c278978b6e98e85de6ad16f8e4b0844a154557eca991"
            ],
            "markers": "python_version < '3.12'",
            "version": "==1.2.0"
        },
        "black": {
            "hashes": [
                "sha256:257d724c2c9b1660f353b36c802ccece186a30accc7742c176d29c146df6e474",
                "sha256:37aae07b029fa0174d39daf02748b379399b909652a806e5708199bd93899da1",
                "sha256:415e686e87dbbe6f4cd5ef0fbf764af7b89f9057b97c908742b6008cc554b9c0",
                "sha256:48a85f2cb5e6799a9ef05347b476cce6c182d6c71ee36925a6c194d074336ef8",
                "sha256:7768a0dbf16a39aa5e9a3ded568bb545c8c2727396d063bbaf847df05b08cd96",
                "sha256:7e122b1c4fb252fd85df3ca93578732b4749d9be076593076ef4d07a0233c3e1",
                "sha256:88c57dc656038f1ab9f92b3eb5335ee9b021412feaa46330d5eba4e51fe49b04",
                "sha256:8e537d281831ad0e71007dcdcbe50a71470b978c453fa41ce77186bbe0ed6021",
                "sha256:98e123f1d5cfd42f886624d84464f7756f60ff6eab89ae845210631714f6db94",
                "sha256:accf49e151c8ed2c0cdc528691838afd217c50412534e876a19270fea1e28e2d",
                "sha256:b1530ae42e9d6d5b670a34db49a94115a64596bc77710b1d05e9801e62ca0a7c",
                "sha256:b9176b9832e84308818a99a561e90aa479e73c523b3f77afd07913380ae2eab7",
                "sha256:bdde6f877a18f24844e381d45e9947a49e97933573ac9d4345399be37621e26c",
                "sha256:be8bef99eb46d5021bf053114442914baeb3649a89dc5f3a555c88737e5e98fc",
                "sha256:bf10f7310db693bb62692609b397e8d67257c55f949abde4c67f9cc574492cc7",
                "sha256:c872b53057f000085da66a19c55d68f6f8ddcac2642392ad3a355878406fbd4d",
                "sha256:d36ed1124bb81b32f8614555b34cc4259c3fbc7eec17870e8ff8ded335b58d8c",
                "sha256:da33a1a5e49c4122ccdfd56cd021ff1ebc4a1ec4e2d01594fef9b6f267a9e741",
                "sha256:dd1b5a14e417189db4c7b64a6540f31730713d173f0b63e55fabd52d61d8fdce",
                "sha256:e151054aa00bad1f4e1f04919542885f89f5f7d086b8a59e5000e6c616896ffb",
                "sha256:eaea3008c281f1038edb473c1aa8ed8143a5535ff18f978a318f10302b254063",
                "sha256:ef703f83fc32e131e9bcc0a5094cfe85599e7109f896fe8bc96cc402f3eb4b6e"
            ],
            "index": "pypi",
            "markers": "python_version >= '3.8'",
            "version": "==24.4.2"
        },
        "cachetools": {
            "hashes": [
                "sha256:0abad1021d3f8325b2fc1d2e9c8b9c9d57b04c3932657a72465447332c24d945",
                "sha256:ba29e2dfa0b8b556606f097407ed1aa62080ee108ab0dc5ec9d6a723a007d105"
            ],
            "markers": "python_version >= '3.7'",
            "version": "==5.3.3"
        },
        "certifi": {
            "hashes": [
                "sha256:3cd43f1c6fa7dedc5899d69d3ad0398fd018ad1a17fba83ddaf78aa46c747516",
                "sha256:ddc6c8ce995e6987e7faf5e3f1b02b302836a0e5d98ece18392cb1a36c72ad56"
            ],
            "markers": "python_version >= '3.6'",
            "version": "==2024.6.2"
        },
        "charset-normalizer": {
            "hashes": [
                "sha256:06435b539f889b1f6f4ac1758871aae42dc3a8c0e24ac9e60c2384973ad73027",
                "sha256:06a81e93cd441c56a9b65d8e1d043daeb97a3d0856d177d5c90ba85acb3db087",
                "sha256:0a55554a2fa0d408816b3b5cedf0045f4b8e1a6065aec45849de2d6f3f8e9786",
                "sha256:0b2b64d2bb6d3fb9112bafa732def486049e63de9618b5843bcdd081d8144cd8",
                "sha256:10955842570876604d404661fbccbc9c7e684caf432c09c715ec38fbae45ae09",
                "sha256:122c7fa62b130ed55f8f285bfd56d5f4b4a5b503609d181f9ad85e55c89f4185",
                "sha256:1ceae2f17a9c33cb48e3263960dc5fc8005351ee19db217e9b1bb15d28c02574",
                "sha256:1d3193f4a680c64b4b6a9115943538edb896edc190f0b222e73761716519268e",
                "sha256:1f79682fbe303db92bc2b1136016a38a42e835d932bab5b3b1bfcfbf0640e519",
                "sha256:2127566c664442652f024c837091890cb1942c30937add288223dc895793f898",
                "sha256:22afcb9f253dac0696b5a4be4a1c0f8762f8239e21b99680099abd9b2b1b2269",
                "sha256:25baf083bf6f6b341f4121c2f3c548875ee6f5339300e08be3f2b2ba1721cdd3",
                "sha256:2e81c7b9c8979ce92ed306c249d46894776a909505d8f5a4ba55b14206e3222f",
                "sha256:3287761bc4ee9e33561a7e058c72ac0938c4f57fe49a09eae428fd88aafe7bb6",
                "sha256:34d1c8da1e78d2e001f363791c98a272bb734000fcef47a491c1e3b0505657a8",
                "sha256:37e55c8e51c236f95b033f6fb391d7d7970ba5fe7ff453dad675e88cf303377a",
                "sha256:3d47fa203a7bd9c5b6cee4736ee84ca03b8ef23193c0d1ca99b5089f72645c73",
                "sha256:3e4d1f6587322d2788836a99c69062fbb091331ec940e02d12d179c1d53e25fc",
                "sha256:42cb296636fcc8b0644486d15c12376cb9fa75443e00fb25de0b8602e64c1714",
                "sha256:45485e01ff4d3630ec0d9617310448a8702f70e9c01906b0d0118bdf9d124cf2",
                "sha256:4a78b2b446bd7c934f5dcedc588903fb2f5eec172f3d29e52a9096a43722adfc",
                "sha256:4ab2fe47fae9e0f9dee8c04187ce5d09f48eabe611be8259444906793ab7cbce",
                "sha256:4d0d1650369165a14e14e1e47b372cfcb31d6ab44e6e33cb2d4e57265290044d",
                "sha256:549a3a73da901d5bc3ce8d24e0600d1fa85524c10287f6004fbab87672bf3e1e",
                "sha256:55086ee1064215781fff39a1af09518bc9255b50d6333f2e4c74ca09fac6a8f6",
                "sha256:572c3763a264ba47b3cf708a44ce965d98555f618ca42c926a9c1616d8f34269",
                "sha256:573f6eac48f4769d667c4442081b1794f52919e7edada77495aaed9236d13a96",
                "sha256:5b4c145409bef602a690e7cfad0a15a55c13320ff7a3ad7ca59c13bb8ba4d45d",
                "sha256:6463effa3186ea09411d50efc7d85360b38d5f09b870c48e4600f63af490e56a",
                "sha256:65f6f63034100ead094b8744b3b97965785388f308a64cf8d7c34f2f2e5be0c4",
                "sha256:663946639d296df6a2bb2aa51b60a2454ca1cb29835324c640dafb5ff2131a77",
                "sha256:6897af51655e3691ff853668779c7bad41579facacf5fd7253b0133308cf000d",
                "sha256:68d1f8a9e9e37c1223b656399be5d6b448dea850bed7d0f87a8311f1ff3dabb0",
                "sha256:6ac7ffc7ad6d040517be39eb591cac5ff87416c2537df6ba3cba3bae290c0fed",
                "sha256:6b3251890fff30ee142c44144871185dbe13b11bab478a88887a639655be1068",
                "sha256:6c4caeef8fa63d06bd437cd4bdcf3ffefe6738fb1b25951440d80dc7df8c03ac",
                "sha256:6ef1d82a3af9d3eecdba2321dc1b3c238245d890843e040e41e470ffa64c3e25",
                "sha256:753f10e867343b4511128c6ed8c82f7bec3bd026875576dfd88483c5c73b2fd8",
                "sha256:7cd13a2e3ddeed6913a65e66e94b51d80a041145a026c27e6bb76c31a853c6ab",
                "sha256:7ed9e526742851e8d5cc9e6cf41427dfc6068d4f5a3bb03659444b4cabf6bc26",
                "sha256:7f04c839ed0b6b98b1a7501a002144b76c18fb1c1850c8b98d458ac269e26ed2",
                "sha256:802fe99cca7457642125a8a88a084cef28ff0cf9407060f7b93dca5aa25480db",
                "sha256:80402cd6ee291dcb72644d6eac93785fe2c8b9cb30893c1af5b8fdd753b9d40f",
                "sha256:8465322196c8b4d7ab6d1e049e4c5cb460d0394da4a27d23cc242fbf0034b6b5",
                "sha256:86216b5cee4b06df986d214f664305142d9c76df9b6512be2738aa72a2048f99",
                "sha256:87d1351268731db79e0f8e745d92493ee2841c974128ef629dc518b937d9194c",
                "sha256:8bdb58ff7ba23002a4c5808d608e4e6c687175724f54a5dade5fa8c67b604e4d",
                "sha256:8c622a5fe39a48f78944a87d4fb8a53ee07344641b0562c540d840748571b811",
                "sha256:8d756e44e94489e49571086ef83b2bb8ce311e730092d2c34ca8f7d925cb20aa",
                "sha256:8f4a014bc36d3c57402e2977dada34f9c12300af536839dc38c0beab8878f38a",
                "sha256:9063e24fdb1e498ab71cb7419e24622516c4a04476b17a2dab57e8baa30d6e03",
                "sha256:90d558489962fd4918143277a773316e56c72da56ec7aa3dc3dbbe20fdfed15b",
                "sha256:923c0c831b7cfcb071580d3f46c4baf50f174be571576556269530f4bbd79d04",
                "sha256:95f2a5796329323b8f0512e09dbb7a1860c46a39da62ecb2324f116fa8fdc85c",
                "sha256:96b02a3dc4381e5494fad39be677abcb5e6634bf7b4fa83a6dd3112607547001",
                "sha256:9f96df6923e21816da7e0ad3fd47dd8f94b2a5ce594e00677c0013018b813458",
                "sha256:a10af20b82360ab00827f916a6058451b723b4e65030c5a18577c8b2de5b3389",
                "sha256:a50aebfa173e157099939b17f18600f72f84eed3049e743b68ad15bd69b6bf99",
                "sha256:a981a536974bbc7a512cf44ed14938cf01030a99e9b3a06dd59578882f06f985",
                "sha256:a9a8e9031d613fd2009c182b69c7b2c1ef8239a0efb1df3f7c8da66d5dd3d537",
                "sha256:ae5f4161f18c61806f411a13b0310bea87f987c7d2ecdbdaad0e94eb2e404238",
                "sha256:aed38f6e4fb3f5d6bf81bfa990a07806be9d83cf7bacef998ab1a9bd660a581f",
                "sha256:b01b88d45a6fcb69667cd6d2f7a9aeb4bf53760d7fc536bf679ec94fe9f3ff3d",
                "sha256:b261ccdec7821281dade748d088bb6e9b69e6d15b30652b74cbbac25e280b796",
                "sha256:b2b0a0c0517616b6869869f8c581d4eb2dd83a4d79e0ebcb7d373ef9956aeb0a",
                "sha256:b4a23f61ce87adf89be746c8a8974fe1c823c891d8f86eb218bb957c924bb143",
                "sha256:bd8f7df7d12c2db9fab40bdd87a7c09b1530128315d047a086fa3ae3435cb3a8",
                "sha256:beb58fe5cdb101e3a055192ac291b7a21e3b7ef4f67fa1d74e331a7f2124341c",
                "sha256:c002b4ffc0be611f0d9da932eb0f704fe2602a9a949d1f738e4c34c75b0863d5",
                "sha256:c083af607d2515612056a31f0a8d9e0fcb5876b7bfc0abad3ecd275bc4ebc2d5",
                "sha256:c180f51afb394e165eafe4ac2936a14bee3eb10debc9d9e4db8958fe36afe711",
                "sha256:c235ebd9baae02f1b77bcea61bce332cb4331dc3617d254df3323aa01ab47bd4",
                "sha256:cd70574b12bb8a4d2aaa0094515df2463cb429d8536cfb6c7ce983246983e5a6",
                "sha256:d0eccceffcb53201b5bfebb52600a5fb483a20b61da9dbc885f8b103cbe7598c",
                "sha256:d965bba47ddeec8cd560687584e88cf699fd28f192ceb452d1d7ee807c5597b7",
                "sha256:db364eca23f876da6f9e16c9da0df51aa4f104a972735574842618b8c6d999d4",
                "sha256:ddbb2551d7e0102e7252db79ba445cdab71b26640817ab1e3e3648dad515003b",
                "sha256:deb6be0ac38ece9ba87dea880e438f25ca3eddfac8b002a2ec3d9183a454e8ae",
                "sha256:e06ed3eb3218bc64786f7db41917d4e686cc4856944f53d5bdf83a6884432e12",
                "sha256:e27ad930a842b4c5eb8ac0016b0a54f5aebbe679340c26101df33424142c143c",
                "sha256:e537484df0d8f426ce2afb2d0f8e1c3d0b114b83f8850e5f2fbea0e797bd82ae",
                "sha256:eb00ed941194665c332bf8e078baf037d6c35d7c4f3102ea2d4f16ca94a26dc8",
                "sha256:eb6904c354526e758fda7167b33005998fb68c46fbc10e013ca97f21ca5c8887",
                "sha256:eb8821e09e916165e160797a6c17edda0679379a4be5c716c260e836e122f54b",
                "sha256:efcb3f6676480691518c177e3b465bcddf57cea040302f9f4e6e191af91174d4",
                "sha256:f27273b60488abe721a075bcca6d7f3964f9f6f067c8c4c605743023d7d3944f",
                "sha256:f30c3cb33b24454a82faecaf01b19c18562b1e89558fb6c56de4d9118a032fd5",
                "sha256:fb69256e180cb6c8a894fee62b3afebae785babc1ee98b81cdf68bbca1987f33",
                "sha256:fd1abc0d89e30cc4e02e4064dc67fcc51bd941eb395c502aac3ec19fab46b519",
                "sha256:ff8fa367d09b717b2a17a052544193ad76cd49979c805768879cb63d9ca50561"
            ],
            "markers": "python_full_version >= '3.7.0'",
            "version": "==3.3.2"
        },
        "click": {
            "hashes": [
                "sha256:ae74fb96c20a0277a1d615f1e4d73c8414f5a98db8b799a7931d1582f3390c28",
                "sha256:ca9853ad459e787e2192211578cc907e7594e294c7ccc834310722b41b9ca6de"
            ],
            "markers": "python_version >= '3.7'",
            "version": "==8.1.7"
        },
        "docutils": {
            "hashes": [
                "sha256:96f387a2c5562db4476f09f13bbab2192e764cac08ebbf3a34a95d9b1e4a59d6",
                "sha256:f08a4e276c3a1583a86dce3e34aba3fe04d02bba2dd51ed16106244e8a923e3b"
            ],
            "markers": "python_version >= '3.7'",
            "version": "==0.20.1"
        },
        "flake8": {
            "hashes": [
                "sha256:2e416edcc62471a64cea09353f4e7bdba32aeb079b6e360554c659a122b1bc6a",
                "sha256:48a07b626b55236e0fb4784ee69a465fbf59d79eec1f5b4785c3d3bc57d17aa5"
            ],
            "index": "pypi",
            "markers": "python_full_version >= '3.8.1'",
            "version": "==7.1.0"
        },
        "google-ads": {
            "hashes": [
                "sha256:617ef1ab55f942238348435c6caf11aababac100fdc11fb883ea1ee63ffe6b9d",
                "sha256:b77f0169e1e3f075f2482ee9b4a8b6a5acb8565ec4c35b8550a752d0cd557bc9"
            ],
            "markers": "python_version < '3.13' and python_version >= '3.8'",
            "version": "==24.1.0"
        },
        "google-api-core": {
            "hashes": [
                "sha256:8661eec4078c35428fd3f69a2c7ee29e342896b70f01d1a1cbcb334372dd6251",
                "sha256:cf1b7c2694047886d2af1128a03ae99e391108a08804f87cfd35970e49c9cd10"
            ],
            "markers": "python_version >= '3.7'",
            "version": "==2.19.0"
        },
        "google-auth": {
            "hashes": [
                "sha256:8df7da660f62757388b8a7f249df13549b3373f24388cb5d2f1dd91cc18180b5",
                "sha256:ab630a1320f6720909ad76a7dbdb6841cdf5c66b328d690027e4867bdfb16688"
            ],
            "markers": "python_version >= '3.7'",
            "version": "==2.30.0"
        },
        "google-auth-oauthlib": {
            "hashes": [
                "sha256:292d2d3783349f2b0734a0a0207b1e1e322ac193c2c09d8f7c613fb7cc501ea8",
                "sha256:297c1ce4cb13a99b5834c74a1fe03252e1e499716718b190f56bcb9c4abc4faf"
            ],
            "markers": "python_version >= '3.6'",
            "version": "==1.2.0"
        },
        "googleapis-common-protos": {
            "hashes": [
                "sha256:0e1c2cdfcbc354b76e4a211a35ea35d6926a835cba1377073c4861db904a1877",
                "sha256:c6442f7a0a6b2a80369457d79e6672bb7dcbaab88e0848302497e3ec80780a6a"
            ],
            "markers": "python_version >= '3.7'",
            "version": "==1.63.1"
        },
        "grpcio": {
            "hashes": [
                "sha256:04b7d56d416f6cea46dbc2b65c1f0b1eb946160f2a8fa8cf3a2af609a2ec65f9",
                "sha256:0b49caa6ef7792d1f0584da2fdbd291a9dd3c42d3b6a1d4f133c7ac514ebe956",
                "sha256:0be5c065a11fd089c60a02f1dfa80e2807827f965cb3563e4926459ad9970bae",
                "sha256:0c0e67be36c4079dd63b114ebe934a0ba5b0cc2db29ab4257616fac6afffdb32",
                "sha256:0c590f46c77b8ef3ea785ccaed818bd37659440944867ef681a84e99021dc4f5",
                "sha256:242fd69172e48d396b5e3d407f15845e519d5bb324294542196e2d933c04a742",
                "sha256:2517a98b65148c93bd69d5761cd4c793959be19b8536930ca962ed6bad486aec",
                "sha256:2832d104d9a301fbf8e7dff414f3dbb34d499e73754895788685c5bd1f69fd0f",
                "sha256:2f1c9910171b01f939dfd7891d57da3791f87b7c8b448dba9d6538c8e0e28dd8",
                "sha256:32b0f03b68251a6bc1f1538931a219e0627425dce9bc5fb44790bbf8c9e126b1",
                "sha256:344e8eef4c4f3e8b9c4bd767af27f4107971e87f5d6cebede264feb79e776915",
                "sha256:3a788a08002685aef1eede24027683a685ae67b22bc77c576ec0d6fd778ac9db",
                "sha256:3abbf466bbc4798c43eb04881ca3a6eafa7a1463a378f363daf0a74187f0784c",
                "sha256:3b60422ec58fb194b2db40ff752b7d0b951b606a74b12de6e98a8e550d55fdd2",
                "sha256:3c508e1a54968ec267208c30f9c2abc7951ab3d4ad1108cff85d8d687c67d24a",
                "sha256:3d346a36ca5c8a02e7f2c5ccddae617d1a9f7f5b6efb2ae81994c6fca6150b38",
                "sha256:3eff2e717b4d59aa5b649aeeab5c0817ea0b026df3795dff5a57b40a5c9d5fff",
                "sha256:4f482569a08501f50260cdd91e3d48f42beb4efa2d74e4cd994b0b2017cf2139",
                "sha256:51bf5d790a962bd29974d4eee4e9be7310e8d8e8df351df069a4154f01bef921",
                "sha256:541c2d031da0b0d394d5a40ac0c051f20643196a376897fb598e33806b181f9c",
                "sha256:55421f3e701523b4fbfbd1067f62971fa936d63fcd2893695335862b7ff9f29e",
                "sha256:5c08135c4fa349eae802ce219ab550150ea1232de936ceb2d64cd40d6b3b74ff",
                "sha256:6d678222f31d7ee1b25df549560b9dc62ba0f7e359f64bf5dbedda71e7b94c8d",
                "sha256:72d7dea26097d2e0c6364ba859751262a3c986e7bb6cbb234fd63b927f45f436",
                "sha256:7b66faae23de510f118bf57c552cc55148f7c19ca4969fa05e78926f34583c62",
                "sha256:8355e07424475065e0a3372ad33fc0cbbdb55356d44911fe5a80be287a5619ad",
                "sha256:8d8ef92427e21fb03c68746989be546c5b7d2c1c7bf1433cc10a7b5b48f37d2f",
                "sha256:966b5fe27725f6a432b6dc542cd46dc18cf5866faf61dec8bc8d592ab180f53d",
                "sha256:98199e986e825d0107ae0942ed1d88b6e2d8776558028cdf98820e476a98b30d",
                "sha256:99282d94ec4c48998a817db2d277909faaa61bd353717379074cb6ad3e3219cb",
                "sha256:a12530e11c364bd00fdb1aa10453655110b4edfc624f1cfa5dbed02ec2acf50a",
                "sha256:a3ddfcf0ac8e7ca83599aff0b8ba557da2addf38d29393b6278ef8ce03e3ef98",
                "sha256:a4cd88d531fe05e3e3400689fb2215e72cfb409aaace7005a48cef50bacc4e98",
                "sha256:b428089304bf97aadc5cb8dcc12a5a625bc64603e743257cbf5e42061e6cb1e2",
                "sha256:baf98f1ec6660a4218898743124c3c93789abf939bf9602e93da0e9ebbec3888",
                "sha256:bcf16ad67af2ee946825f26baf789731eddb083ced0705350f77bf7ff88ccb03",
                "sha256:c01d0e6fe3b16af7fd06c17591a69a31c17f162105f670f7c616741e150ee92b",
                "sha256:c05920dd7a95807b8e754b5da901e8cf030ef8de096b9c9f2b03e717cbb95f13",
                "sha256:c4d3223ca848a02cfef4fdb2de8db228dddf9591f7cc93c58a2c316b2c1797f3",
                "sha256:c838e7fdf649ecfc9bae1c49e17282d3d4362d18aac814cdc51e78d594d49b8f",
                "sha256:c944649281aa7096e59eaf14cc0e4d4859262cfde46682892b4af9931df52b0f",
                "sha256:ce9745cf437998558c38d6165dcefeaada7473377498f111f16dbefa13164a6c",
                "sha256:e294b724639ce86e174abf094fe25c69546b0b5253cd9ce80a626be9a6e047aa",
                "sha256:e9dd1b02db03acc0f0a5a7d538a4c0e6715f6a19ce25e6606d0366d4b4e9bf2d",
                "sha256:f5620e60d82ad4503f6f8dbee4b565827bfc2655256ff0356399da294d6c5753",
                "sha256:fe764998262a53a55eb6126f24a755d461dc1bacbc5f3ddd3da4d52ca20246cd"
            ],
            "markers": "python_version >= '3.8'",
            "version": "==1.65.0rc1"
        },
        "grpcio-status": {
            "hashes": [
                "sha256:0d8f01cdf35feca7e04767e44235376582cf8e2156b4787826f1912f57da5332",
                "sha256:bef28bb960d34949b271dcc302e3e85f64604616310b86b226c1bf355adbaeaf"
            ],
            "markers": "python_version >= '3.8'",
            "version": "==1.63.0rc1"
        },
        "idna": {
            "hashes": [
                "sha256:028ff3aadf0609c1fd278d8ea3089299412a7a8b9bd005dd08b9f8285bcb5cfc",
                "sha256:82fee1fc78add43492d3a1898bfa6d8a904cc97d8427f683ed8e798d07761aa0"
            ],
            "markers": "python_version >= '3.5'",
            "version": "==3.7"
        },
        "importlib-metadata": {
            "hashes": [
                "sha256:30962b96c0c223483ed6cc7280e7f0199feb01a0e40cfae4d4450fc6fab1f570",
                "sha256:b78938b926ee8d5f020fc4772d487045805a55ddbad2ecf21c6d60938dc7fcd2"
            ],
            "markers": "python_version >= '3.8'",
            "version": "==7.1.0"
        },
        "importlib-resources": {
            "hashes": [
                "sha256:50d10f043df931902d4194ea07ec57960f66a80449ff867bfe782b4c486ba78c",
                "sha256:cdb2b453b8046ca4e3798eb1d84f3cce1446a0e8e7b5ef4efb600f19fc398145"
            ],
            "markers": "python_version < '3.9'",
            "version": "==6.4.0"
        },
        "jaraco.classes": {
            "hashes": [
                "sha256:47a024b51d0239c0dd8c8540c6c7f484be3b8fcf0b2d85c13825780d3b3f3acd",
                "sha256:f662826b6bed8cace05e7ff873ce0f9283b5c924470fe664fff1c2f00f581790"
            ],
            "markers": "python_version >= '3.8'",
            "version": "==3.4.0"
        },
        "jaraco.context": {
            "hashes": [
                "sha256:3e16388f7da43d384a1a7cd3452e72e14732ac9fe459678773a3608a812bf266",
                "sha256:c2f67165ce1f9be20f32f650f25d8edfc1646a8aeee48ae06fb35f90763576d2"
            ],
            "markers": "python_version >= '3.8'",
            "version": "==5.3.0"
        },
        "jaraco.functools": {
            "hashes": [
                "sha256:3b24ccb921d6b593bdceb56ce14799204f473976e2a9d4b15b04d0f2c2326664",
                "sha256:d33fa765374c0611b52f8b3a795f8900869aa88c84769d4d1746cd68fb28c3e8"
            ],
            "markers": "python_version >= '3.8'",
            "version": "==4.0.1"
        },
        "keyring": {
            "hashes": [
                "sha256:2458681cdefc0dbc0b7eb6cf75d0b98e59f9ad9b2d4edd319d18f68bdca95e50",
                "sha256:daaffd42dbda25ddafb1ad5fec4024e5bbcfe424597ca1ca452b299861e49f1b"
            ],
            "markers": "python_version >= '3.8'",
            "version": "==25.2.1"
        },
        "markdown-it-py": {
            "hashes": [
                "sha256:355216845c60bd96232cd8d8c40e8f9765cc86f46880e43a8fd22dc1a1a8cab1",
                "sha256:e3f60a94fa066dc52ec76661e37c851cb232d92f9886b15cb560aaada2df8feb"
            ],
            "markers": "python_version >= '3.8'",
            "version": "==3.0.0"
        },
        "mccabe": {
            "hashes": [
                "sha256:348e0240c33b60bbdf4e523192ef919f28cb2c3d7d5c7794f74009290f236325",
                "sha256:6c2d30ab6be0e4a46919781807b4f0d834ebdd6c6e3dca0bda5a15f863427b6e"
            ],
            "markers": "python_version >= '3.6'",
            "version": "==0.7.0"
        },
        "mdurl": {
            "hashes": [
                "sha256:84008a41e51615a49fc9966191ff91509e3c40b939176e643fd50a5c2196b8f8",
                "sha256:bb413d29f5eea38f31dd4754dd7377d4465116fb207585f97bf925588687c1ba"
            ],
            "markers": "python_version >= '3.7'",
            "version": "==0.1.2"
        },
        "more-itertools": {
            "hashes": [
                "sha256:e5d93ef411224fbcef366a6e8ddc4c5781bc6359d43412a65dd5964e46111463",
                "sha256:ea6a02e24a9161e51faad17a8782b92a0df82c12c1c8886fec7f0c3fa1a1b320"
            ],
            "markers": "python_version >= '3.8'",
            "version": "==10.3.0"
        },
        "mypy-extensions": {
            "hashes": [
                "sha256:4392f6c0eb8a5668a69e23d168ffa70f0be9ccfd32b5cc2d26a34ae5b844552d",
                "sha256:75dbf8955dc00442a438fc4d0666508a9a97b6bd41aa2f0ffe9d2f2725af0782"
            ],
            "markers": "python_version >= '3.5'",
            "version": "==1.0.0"
        },
        "nh3": {
            "hashes": [
                "sha256:0316c25b76289cf23be6b66c77d3608a4fdf537b35426280032f432f14291b9a",
                "sha256:1a814dd7bba1cb0aba5bcb9bebcc88fd801b63e21e2450ae6c52d3b3336bc911",
                "sha256:1aa52a7def528297f256de0844e8dd680ee279e79583c76d6fa73a978186ddfb",
                "sha256:22c26e20acbb253a5bdd33d432a326d18508a910e4dcf9a3316179860d53345a",
                "sha256:40015514022af31975c0b3bca4014634fa13cb5dc4dbcbc00570acc781316dcc",
                "sha256:40d0741a19c3d645e54efba71cb0d8c475b59135c1e3c580f879ad5514cbf028",
                "sha256:551672fd71d06cd828e282abdb810d1be24e1abb7ae2543a8fa36a71c1006fe9",
                "sha256:66f17d78826096291bd264f260213d2b3905e3c7fae6dfc5337d49429f1dc9f3",
                "sha256:85cdbcca8ef10733bd31f931956f7fbb85145a4d11ab9e6742bbf44d88b7e351",
                "sha256:a3f55fabe29164ba6026b5ad5c3151c314d136fd67415a17660b4aaddacf1b10",
                "sha256:b4427ef0d2dfdec10b641ed0bdaf17957eb625b2ec0ea9329b3d28806c153d71",
                "sha256:ba73a2f8d3a1b966e9cdba7b211779ad8a2561d2dba9674b8a19ed817923f65f",
                "sha256:c21bac1a7245cbd88c0b0e4a420221b7bfa838a2814ee5bb924e9c2f10a1120b",
                "sha256:c551eb2a3876e8ff2ac63dff1585236ed5dfec5ffd82216a7a174f7c5082a78a",
                "sha256:c790769152308421283679a142dbdb3d1c46c79c823008ecea8e8141db1a2062",
                "sha256:d7a25fd8c86657f5d9d576268e3b3767c5cd4f42867c9383618be8517f0f022a"
            ],
            "version": "==0.2.17"
        },
        "oauthlib": {
            "hashes": [
                "sha256:8139f29aac13e25d502680e9e19963e83f16838d48a0d71c287fe40e7067fbca",
                "sha256:9859c40929662bec5d64f34d01c99e093149682a3f38915dc0655d5a633dd918"
            ],
            "markers": "python_version >= '3.6'",
            "version": "==3.2.2"
        },
        "packaging": {
            "hashes": [
                "sha256:026ed72c8ed3fcce5bf8950572258698927fd1dbda10a5e981cdf0ac37f4f002",
                "sha256:5b8f2217dbdbd2f7f384c41c628544e6d52f2d0f53c6d0c3ea61aa5d1d7ff124"
            ],
            "markers": "python_version >= '3.8'",
            "version": "==24.1"
        },
        "pathspec": {
            "hashes": [
                "sha256:a0d503e138a4c123b27490a4f7beda6a01c6f288df0e4a8b79c7eb0dc7b4cc08",
                "sha256:a482d51503a1ab33b1c67a6c3813a26953dbdc71c31dacaef9a838c4e29f5712"
            ],
            "markers": "python_version >= '3.8'",
            "version": "==0.12.1"
        },
        "pkginfo": {
            "hashes": [
                "sha256:2e0dca1cf4c8e39644eed32408ea9966ee15e0d324c62ba899a393b3c6b467aa",
                "sha256:bfa76a714fdfc18a045fcd684dbfc3816b603d9d075febef17cb6582bea29573"
            ],
            "markers": "python_version >= '3.8'",
            "version": "==1.11.1"
        },
        "platformdirs": {
            "hashes": [
                "sha256:2d7a1657e36a80ea911db832a8a6ece5ee53d8de21edd5cc5879af6530b1bfee",
                "sha256:38b7b51f512eed9e84a22788b4bce1de17c0adb134d6becb09836e37d8654cd3"
            ],
            "markers": "python_version >= '3.8'",
            "version": "==4.2.2"
        },
        "proto-plus": {
            "hashes": [
                "sha256:0e35937235b356838a81734b741898c7b71a9751652a16aded570d7014598b78",
                "sha256:e08ee25f7ea9d0d247774bed965639958d546e1447861b73cd27a90631f06c0a"
            ],
            "markers": "python_version >= '3.7'",
            "version": "==1.24.0rc3"
        },
        "protobuf": {
            "hashes": [
                "sha256:19b270aeaa0099f16d3ca02628546b8baefe2955bbe23224aaf856134eccf1e4",
                "sha256:209ba4cc916bab46f64e56b85b090607a676f66b473e6b762e6f1d9d591eb2e8",
                "sha256:25b5d0b42fd000320bd7830b349e3b696435f3b329810427a6bcce6a5492cc5c",
                "sha256:7c8daa26095f82482307bc717364e7c13f4f1c99659be82890dcfc215194554d",
                "sha256:c053062984e61144385022e53678fbded7aea14ebb3e0305ae3592fb219ccfa4",
                "sha256:d4198877797a83cbfe9bffa3803602bbe1625dc30d8a097365dbc762e5790faa",
                "sha256:e3c97a1555fd6388f857770ff8b9703083de6bf1f9274a002a332d65fbb56c8c",
                "sha256:e7cb0ae90dd83727f0c0718634ed56837bfeeee29a5f82a7514c03ee1364c019",
                "sha256:f0700d54bcf45424477e46a9f0944155b46fb0639d69728739c0e47bab83f2b9",
                "sha256:f1279ab38ecbfae7e456a108c5c0681e4956d5b1090027c1de0f934dfdb4b35c",
                "sha256:f4f118245c4a087776e0a8408be33cf09f6c547442c00395fbfb116fac2f8ac2"
            ],
            "markers": "python_version >= '3.8'",
            "version": "==4.25.3"
        },
        "pyasn1": {
            "hashes": [
                "sha256:3a35ab2c4b5ef98e17dfdec8ab074046fbda76e281c5a706ccd82328cfc8f64c",
                "sha256:cca4bb0f2df5504f02f6f8a775b6e416ff9b0b3b16f7ee80b5a3153d9b804473"
            ],
            "markers": "python_version >= '3.8'",
            "version": "==0.6.0"
        },
        "pyasn1-modules": {
            "hashes": [
                "sha256:831dbcea1b177b28c9baddf4c6d1013c24c3accd14a1873fffaa6a2e905f17b6",
                "sha256:be04f15b66c206eed667e0bb5ab27e2b1855ea54a842e5037738099e8ca4ae0b"
            ],
            "markers": "python_version >= '3.8'",
            "version": "==0.4.0"
        },
        "pycodestyle": {
            "hashes": [
                "sha256:442f950141b4f43df752dd303511ffded3a04c2b6fb7f65980574f0c31e6e79c",
                "sha256:949a39f6b86c3e1515ba1787c2022131d165a8ad271b11370a8819aa070269e4"
            ],
            "markers": "python_version >= '3.8'",
            "version": "==2.12.0"
        },
        "pyflakes": {
            "hashes": [
                "sha256:1c61603ff154621fb2a9172037d84dca3500def8c8b630657d1701f026f8af3f",
                "sha256:84b5be138a2dfbb40689ca07e2152deb896a65c3a3e24c251c5c62489568074a"
            ],
            "markers": "python_version >= '3.8'",
            "version": "==3.2.0"
        },
        "pygments": {
            "hashes": [
                "sha256:786ff802f32e91311bff3889f6e9a86e81505fe99f2735bb6d60ae0c5004f199",
                "sha256:b8e6aca0523f3ab76fee51799c488e38782ac06eafcf95e7ba832985c8e7b13a"
            ],
            "markers": "python_version >= '3.8'",
            "version": "==2.18.0"
        },
        "pyyaml": {
            "hashes": [
                "sha256:0101357af42f5c9fc7e9acc5c5ab8c3049f50db7425de175b6c7a5959cb6023d",
                "sha256:0ae563b7e3ed5e918cd0184060e28b48b7e672b975bf7c6f4a892cee9d886ada",
                "sha256:0fe2c1c5401a3a98f06337fed48f57340cf652a685484834b44f5ceeadb772ba",
                "sha256:1eb00dd3344da80264261ab126c95481824669ed9e5ecc82fb2d88b1fce668ee",
                "sha256:2086b30215c433c1e480c08c1db8b43c1edd36c59cf43d36b424e6f35fcaf1ad",
                "sha256:29b4a67915232f79506211e69943e3102e211c616181ceff0adf34e21b469357",
                "sha256:2e9bc8a34797f0621f56160b961d47a088644370f79d34bedc934fb89e3f47dd",
                "sha256:30ec6b9afc17353a9abcff109880edf6e8d5b924eb1eeed7fe9376febc1f9800",
                "sha256:31573d7e161d2f905311f036b12e65c058389b474dbd35740f4880b91e2ca2be",
                "sha256:36d7bf63558843ea2a81de9d0c3e9c56c353b1df8e6c1faaec86df5adedf2e02",
                "sha256:3af6b36bc195d741cd5b511810246cad143b99c953b4591e679e194a820d7b7c",
                "sha256:414629800a1ddccd7303471650843fc801801cc579a195d2fe617b5b455409e3",
                "sha256:459113f2b9cd68881201a3bd1a858ece3281dc0e92ece6e917d23b128f0fcb31",
                "sha256:46e4fae38d00b40a62d32d60f1baa1b9ef33aff28c2aafd96b05d5cc770f1583",
                "sha256:4bf821ccd51e8d5bc1a4021b8bd85a92b498832ac1cd1a53b399f0eb7c1c4258",
                "sha256:50bd6560a6df3de59336b9a9086cbdea5aa9eee5361661448ee45c21eeb0da68",
                "sha256:53056b51f111223e603bed1db5367f54596d44cacfa50f07e082a11929612957",
                "sha256:53c5f0749a93e3296078262c9acf632de246241ff2f22bbedfe49d4b55e9bbdd",
                "sha256:54c754cee6937bb9b72d6a16163160dec80b93a43020ac6fc9f13729c030c30b",
                "sha256:58cc18ccbade0c48fb55102aa971a5b4e571e2b22187d083dda33f8708fa4ee7",
                "sha256:5921fd128fbf27ab7c7ad1a566d2cd9557b84ade130743a7c110a55e7dec3b3c",
                "sha256:5c758cc29713c9166750a30156ca3d90ac2515d5dea3c874377ae8829cf03087",
                "sha256:60bf91e73354c96754220a9c04a9502c2ad063231cd754b59f8e4511157e32e2",
                "sha256:6f0f728a88c6eb58a3b762726b965bb6acf12d97f8ea2cb4fecf856a727f9bdc",
                "sha256:6f31c5935310da69ea0efe996a962d488f080312f0eb43beff1717acb5fe9bed",
                "sha256:728b447d0cedec409ea1a3f0ad1a6cc3cec0a8d086611b45f038a9230a2242f3",
                "sha256:72ffbc5c0cc71877104387548a450f2b7b7c4926b40dc9443e7598fe92aa13d9",
                "sha256:73d8b233309ecd45c33c51cd55aa1be1dcab1799a9e54f6c753d8cab054b8c34",
                "sha256:765029d1cf96e9e761329ee1c20f1ca2de8644e7350a151b198260698b96e30f",
                "sha256:7ee3d180d886a3bc50f753b76340f1c314f9e8c507f5b107212112214c3a66fd",
                "sha256:826fb4d5ac2c48b9d6e71423def2669d4646c93b6c13612a71b3ac7bb345304b",
                "sha256:84c39ceec517cd8f01cb144efb08904a32050be51c55b7a59bc7958c8091568d",
                "sha256:88bfe675bb19ae12a9c77c52322a28a8e2a8d3d213fbcfcded5c3f5ca3ead352",
                "sha256:8e0a1ebd5c5842595365bf90db3ef7e9a8d6a79c9aedb1d05b675c81c7267fd3",
                "sha256:9426067a10b369474396bf57fdf895b899045a25d1848798844693780b147436",
                "sha256:9c5c0de7ec50d4df88b62f4b019ab7b3bb2883c826a1044268e9afb344c57b17",
                "sha256:ad0c172fe15beffc32e3a8260f18e6708eb0e15ae82c9b3f80fbe04de0ef5729",
                "sha256:ad206c7f5f08d393b872d3399f597246fdc6ebebff09c5ae5268ac45aebf4f8d",
                "sha256:b0a163f4f84d1e0fe6a07ccad3b02e9b243790b8370ff0408ae5932c50c4d96d",
                "sha256:b0dd9c7497d60126445e79e542ff01351c6b6dc121299d89787f5685b382c626",
                "sha256:b1de10c488d6f02e498eb6956b89081bea31abf3133223c17749e7137734da75",
                "sha256:b408f36eeb4e2be6f802f1be82daf1b578f3de5a51917c6e467aedb46187d827",
                "sha256:bae077a01367e4bf5fddf00fd6c8b743e676385911c7c615e29e1c45ace8813b",
                "sha256:bc3c3600fec6c2a719106381d6282061d8c108369cdec58b6f280610eba41e09",
                "sha256:c16522bf91daa4ea9dedc1243b56b5a226357ab98b3133089ca627ef99baae6f",
                "sha256:ca5136a77e2d64b4cf5106fb940376650ae232c74c09a8ff29dbb1e262495b31",
                "sha256:d6e0f7ee5f8d851b1d91149a3e5074dbf5aacbb63e4b771fcce16508339a856f",
                "sha256:e7930a0612e74fcca37019ca851b50d73b5f0c3dab7f3085a7c15d2026118315",
                "sha256:e8e6dd230a158a836cda3cc521fcbedea16f22b16b8cfa8054d0c6cea5d0a531",
                "sha256:eee36bf4bc11e39e3f17c171f25cdedff3d7c73b148aedc8820257ce2aa56d3b",
                "sha256:f07adc282d51aaa528f3141ac1922d16d32fe89413ee59bfb8a73ed689ad3d23",
                "sha256:f09816c047fdb588dddba53d321f1cb8081e38ad2a40ea6a7560a88b7a2f0ea8",
                "sha256:fea4c4310061cd70ef73b39801231b9dc3dc638bb8858e38364b144fbd335a1a"
            ],
            "markers": "python_version >= '3.6'",
            "version": "==6.0.2rc1"
        },
        "readme-renderer": {
            "hashes": [
                "sha256:1818dd28140813509eeed8d62687f7cd4f7bad90d4db586001c5dc09d4fde311",
                "sha256:19db308d86ecd60e5affa3b2a98f017af384678c63c88e5d4556a380e674f3f9"
            ],
            "markers": "python_version >= '3.8'",
            "version": "==43.0"
        },
        "requests": {
            "hashes": [
                "sha256:55365417734eb18255590a9ff9eb97e9e1da868d4ccd6402399eaf68af20a760",
                "sha256:70761cfe03c773ceb22aa2f671b4757976145175cdfca038c02654d061d6dcc6"
            ],
            "markers": "python_version >= '3.8'",
            "version": "==2.32.3"
        },
        "requests-oauthlib": {
            "hashes": [
                "sha256:7dd8a5c40426b779b0868c404bdef9768deccf22749cde15852df527e6269b36",
                "sha256:b3dffaebd884d8cd778494369603a9e7b58d29111bf6b41bdc2dcd87203af4e9"
            ],
            "markers": "python_version >= '3.4'",
            "version": "==2.0.0"
        },
        "requests-toolbelt": {
            "hashes": [
                "sha256:7681a0a3d047012b5bdc0ee37d7f8f07ebe76ab08caeccfc3921ce23c88d5bc6",
                "sha256:cccfdd665f0a24fcf4726e690f65639d272bb0637b9b92dfd91a5568ccf6bd06"
            ],
            "markers": "python_version >= '2.7' and python_version not in '3.0, 3.1, 3.2, 3.3'",
            "version": "==1.0.0"
        },
        "rfc3986": {
            "hashes": [
                "sha256:50b1502b60e289cb37883f3dfd34532b8873c7de9f49bb546641ce9cbd256ebd",
                "sha256:97aacf9dbd4bfd829baad6e6309fa6573aaf1be3f6fa735c8ab05e46cecb261c"
            ],
            "markers": "python_version >= '3.7'",
            "version": "==2.0.0"
        },
        "rich": {
            "hashes": [
                "sha256:4edbae314f59eb482f54e9e30bf00d33350aaa94f4bfcd4e9e3110e64d0d7222",
                "sha256:9be308cb1fe2f1f57d67ce99e95af38a1e2bc71ad9813b0e247cf7ffbcc3a432"
            ],
            "markers": "python_full_version >= '3.7.0'",
            "version": "==13.7.1"
        },
        "rsa": {
            "hashes": [
                "sha256:90260d9058e514786967344d0ef75fa8727eed8a7d2e43ce9f4bcf1b536174f7",
                "sha256:e38464a49c6c85d7f1351b0126661487a7e0a14a50f1675ec50eb34d4f20ef21"
            ],
            "markers": "python_version >= '3.6' and python_version < '4'",
            "version": "==4.9"
        },
        "sem-emergency-stop": {
            "editable": true,
            "path": "."
        },
        "tomli": {
            "hashes": [
                "sha256:939de3e7a6161af0c887ef91b7d41a53e7c5a1ca976325f429cb46ea9bc30ecc",
                "sha256:de526c12914f0c550d15924c62d72abc48d6fe7364aa87328337a31007fe8a4f"
            ],
            "markers": "python_version < '3.11'",
            "version": "==2.0.1"
        },
        "twine": {
            "hashes": [
                "sha256:4d74770c88c4fcaf8134d2a6a9d863e40f08255ff7d8e2acb3cbbd57d25f6e9d",
                "sha256:fe1d814395bfe50cfbe27783cb74efe93abeac3f66deaeb6c8390e4e92bacb43"
            ],
            "index": "pypi",
            "markers": "python_version >= '3.8'",
            "version": "==5.1.0"
        },
        "typing-extensions": {
            "hashes": [
                "sha256:04e5ca0351e0f3f85c6853954072df659d0d13fac324d0072316b67d7794700d",
                "sha256:1a7ead55c7e559dd4dee8856e3a88b41225abfe1ce8df57b7c13915fe121ffb8"
            ],
            "markers": "python_version < '3.11'",
            "version": "==4.12.2"
        },
        "urllib3": {
            "hashes": [
                "sha256:a448b2f64d686155468037e1ace9f2d2199776e17f0a46610480d311f73e3472",
                "sha256:dd505485549a7a552833da5e6063639d0d177c04f23bc3864e41e5dc5f612168"
            ],
            "markers": "python_version >= '3.8'",
            "version": "==2.2.2"
        },
        "zipp": {
            "hashes": [
                "sha256:bf1dcf6450f873a13e952a29504887c89e6de7506209e5b1bcc3460135d4de19",
                "sha256:f091755f667055f2d02b32c53771a7a6c8b47e1fdbc4b72a8b9072b3eef8015c"
            ],
            "markers": "python_version >= '3.8'",
            "version": "==3.19.2"
        }
    }
}
